{
	"name": "minecraft-addon-toolchain-typescript",
	"version": "1.0.3",
	"lockfileVersion": 1,
	"requires": true,
	"dependencies": {
		"ansi-colors": {
			"version": "3.2.3",
			"resolved": "https://registry.npmjs.org/ansi-colors/-/ansi-colors-3.2.3.tgz",
			"integrity": "sha512-LEHHyuhlPY3TmuUYMh2oz89lTShfvgbmzaBcxve9t/9Wuy7Dwf4yoAKcND7KFT1HAQfqZ12qtc+DUrBMeKF9nw=="
		},
		"ansi-wrap": {
			"version": "0.1.0",
			"resolved": "https://registry.npmjs.org/ansi-wrap/-/ansi-wrap-0.1.0.tgz",
			"integrity": "sha1-qCJQ3bABXponyoLoLqYDu/pF768="
		},
		"append-buffer": {
			"version": "1.0.2",
			"resolved": "https://registry.npmjs.org/append-buffer/-/append-buffer-1.0.2.tgz",
			"integrity": "sha1-2CIM9GYIFSXv6lBhTz3mUU36WPE=",
			"requires": {
				"buffer-equal": "^1.0.0"
			}
		},
		"arr-diff": {
			"version": "4.0.0",
			"resolved": "https://registry.npmjs.org/arr-diff/-/arr-diff-4.0.0.tgz",
			"integrity": "sha1-1kYQdP6/7HHn4VI1dhoyml3HxSA="
		},
		"arr-union": {
			"version": "3.1.0",
			"resolved": "https://registry.npmjs.org/arr-union/-/arr-union-3.1.0.tgz",
			"integrity": "sha1-45sJrqne+Gao8gbiiK9jkZuuOcQ="
		},
		"assign-symbols": {
			"version": "1.0.0",
			"resolved": "https://registry.npmjs.org/assign-symbols/-/assign-symbols-1.0.0.tgz",
			"integrity": "sha1-WWZ/QfrdTyDMvCu5a41Pf3jsA2c="
		},
		"balanced-match": {
			"version": "1.0.0",
			"resolved": "https://registry.npmjs.org/balanced-match/-/balanced-match-1.0.0.tgz",
			"integrity": "sha1-ibTRmasr7kneFk6gK4nORi1xt2c="
		},
		"brace-expansion": {
			"version": "1.1.11",
			"resolved": "https://registry.npmjs.org/brace-expansion/-/brace-expansion-1.1.11.tgz",
			"integrity": "sha512-iCuPHDFgrHX7H2vEI/5xpz07zSHB00TpugqhmYtVmMO6518mCuRMoOYFldEBl0g187ufozdaHgWKcYFb61qGiA==",
			"requires": {
				"balanced-match": "^1.0.0",
				"concat-map": "0.0.1"
			}
		},
		"buffer-equal": {
			"version": "1.0.0",
			"resolved": "https://registry.npmjs.org/buffer-equal/-/buffer-equal-1.0.0.tgz",
			"integrity": "sha1-WWFrSYME1Var1GaWayLu2j7KX74="
		},
		"clone": {
			"version": "2.1.2",
			"resolved": "https://registry.npmjs.org/clone/-/clone-2.1.2.tgz",
			"integrity": "sha1-G39Ln1kfHo+DZwQBYANFoCiHQ18="
		},
		"clone-buffer": {
			"version": "1.0.0",
			"resolved": "https://registry.npmjs.org/clone-buffer/-/clone-buffer-1.0.0.tgz",
			"integrity": "sha1-4+JbIHrE5wGvch4staFnksrD3Fg="
		},
		"clone-stats": {
			"version": "1.0.0",
			"resolved": "https://registry.npmjs.org/clone-stats/-/clone-stats-1.0.0.tgz",
			"integrity": "sha1-s3gt/4u1R04Yuba/D9/ngvh3doA="
		},
		"cloneable-readable": {
			"version": "1.1.2",
			"resolved": "https://registry.npmjs.org/cloneable-readable/-/cloneable-readable-1.1.2.tgz",
			"integrity": "sha512-Bq6+4t+lbM8vhTs/Bef5c5AdEMtapp/iFb6+s4/Hh9MVTt8OLKH7ZOOZSCT+Ys7hsHvqv0GuMPJ1lnQJVHvxpg==",
			"requires": {
				"inherits": "^2.0.1",
				"process-nextick-args": "^2.0.0",
				"readable-stream": "^2.3.5"
			},
			"dependencies": {
				"readable-stream": {
					"version": "2.3.6",
					"resolved": "https://registry.npmjs.org/readable-stream/-/readable-stream-2.3.6.tgz",
					"integrity": "sha512-tQtKA9WIAhBF3+VLAseyMqZeBjW0AHJoxOtYqSUZNJxauErmLbVm2FW1y+J/YA9dUrAC39ITejlZWhVIwawkKw==",
					"requires": {
						"core-util-is": "~1.0.0",
						"inherits": "~2.0.3",
						"isarray": "~1.0.0",
						"process-nextick-args": "~2.0.0",
						"safe-buffer": "~5.1.1",
						"string_decoder": "~1.1.1",
						"util-deprecate": "~1.0.1"
					}
				},
				"string_decoder": {
					"version": "1.1.1",
					"resolved": "https://registry.npmjs.org/string_decoder/-/string_decoder-1.1.1.tgz",
					"integrity": "sha512-n/ShnvDi6FHbbVfviro+WojiFzv+s8MPMHBczVePfUpDJLwoLT0ht1l4YwBCbi8pJAveEEdnkHyPyTP/mzRfwg==",
					"requires": {
						"safe-buffer": "~5.1.0"
					}
				}
			}
		},
		"concat-map": {
			"version": "0.0.1",
			"resolved": "https://registry.npmjs.org/concat-map/-/concat-map-0.0.1.tgz",
			"integrity": "sha1-2Klr13/Wjfd5OnMDajug1UBdR3s="
		},
		"convert-source-map": {
			"version": "1.6.0",
			"resolved": "https://registry.npmjs.org/convert-source-map/-/convert-source-map-1.6.0.tgz",
			"integrity": "sha512-eFu7XigvxdZ1ETfbgPBohgyQ/Z++C0eEhTor0qRwBw9unw+L0/6V8wkSuGgzdThkiS5lSpdptOQPD8Ak40a+7A==",
			"requires": {
				"safe-buffer": "~5.1.1"
			}
		},
		"core-util-is": {
			"version": "1.0.2",
			"resolved": "https://registry.npmjs.org/core-util-is/-/core-util-is-1.0.2.tgz",
			"integrity": "sha1-tf1UIgqivFq1eqtxQMlAdUUDwac="
		},
		"define-properties": {
			"version": "1.1.3",
			"resolved": "https://registry.npmjs.org/define-properties/-/define-properties-1.1.3.tgz",
			"integrity": "sha512-3MqfYKj2lLzdMSf8ZIZE/V+Zuy+BgD6f164e8K2w7dgnpKArBDerGYpM46IYYcjnkdPNMjPk9A6VFB8+3SKlXQ==",
			"requires": {
				"object-keys": "^1.0.12"
			}
		},
		"duplexify": {
			"version": "3.6.1",
			"resolved": "https://registry.npmjs.org/duplexify/-/duplexify-3.6.1.tgz",
			"integrity": "sha512-vM58DwdnKmty+FSPzT14K9JXb90H+j5emaR4KYbr2KTIz00WHGbWOe5ghQTx233ZCLZtrGDALzKwcjEtSt35mA==",
			"requires": {
				"end-of-stream": "^1.0.0",
				"inherits": "^2.0.1",
				"readable-stream": "^2.0.0",
				"stream-shift": "^1.0.0"
			},
			"dependencies": {
				"readable-stream": {
					"version": "2.3.6",
					"resolved": "https://registry.npmjs.org/readable-stream/-/readable-stream-2.3.6.tgz",
					"integrity": "sha512-tQtKA9WIAhBF3+VLAseyMqZeBjW0AHJoxOtYqSUZNJxauErmLbVm2FW1y+J/YA9dUrAC39ITejlZWhVIwawkKw==",
					"requires": {
						"core-util-is": "~1.0.0",
						"inherits": "~2.0.3",
						"isarray": "~1.0.0",
						"process-nextick-args": "~2.0.0",
						"safe-buffer": "~5.1.1",
						"string_decoder": "~1.1.1",
						"util-deprecate": "~1.0.1"
					}
				},
				"string_decoder": {
					"version": "1.1.1",
					"resolved": "https://registry.npmjs.org/string_decoder/-/string_decoder-1.1.1.tgz",
					"integrity": "sha512-n/ShnvDi6FHbbVfviro+WojiFzv+s8MPMHBczVePfUpDJLwoLT0ht1l4YwBCbi8pJAveEEdnkHyPyTP/mzRfwg==",
					"requires": {
						"safe-buffer": "~5.1.0"
					}
				}
			}
		},
		"end-of-stream": {
			"version": "1.4.1",
			"resolved": "https://registry.npmjs.org/end-of-stream/-/end-of-stream-1.4.1.tgz",
			"integrity": "sha512-1MkrZNvWTKCaigbn+W15elq2BB/L22nqrSY5DKlo3X6+vclJm8Bb5djXJBmEX6fS3+zCh/F4VBK5Z2KxJt4s2Q==",
			"requires": {
				"once": "^1.4.0"
			}
		},
		"extend": {
			"version": "3.0.2",
			"resolved": "https://registry.npmjs.org/extend/-/extend-3.0.2.tgz",
			"integrity": "sha512-fjquC59cD7CyW6urNXK0FBufkZcoiGG80wTuPujX590cB5Ttln20E2UB4S/WARVqhXffZl2LNgS+gQdPIIim/g=="
		},
		"extend-shallow": {
			"version": "3.0.2",
			"resolved": "https://registry.npmjs.org/extend-shallow/-/extend-shallow-3.0.2.tgz",
			"integrity": "sha1-Jqcarwc7OfshJxcnRhMcJwQCjbg=",
			"requires": {
				"assign-symbols": "^1.0.0",
				"is-extendable": "^1.0.1"
			}
		},
		"flush-write-stream": {
			"version": "1.0.3",
			"resolved": "https://registry.npmjs.org/flush-write-stream/-/flush-write-stream-1.0.3.tgz",
			"integrity": "sha512-calZMC10u0FMUqoiunI2AiGIIUtUIvifNwkHhNupZH4cbNnW1Itkoh/Nf5HFYmDrwWPjrUxpkZT0KhuCq0jmGw==",
			"requires": {
				"inherits": "^2.0.1",
				"readable-stream": "^2.0.4"
			},
			"dependencies": {
				"readable-stream": {
					"version": "2.3.6",
					"resolved": "https://registry.npmjs.org/readable-stream/-/readable-stream-2.3.6.tgz",
					"integrity": "sha512-tQtKA9WIAhBF3+VLAseyMqZeBjW0AHJoxOtYqSUZNJxauErmLbVm2FW1y+J/YA9dUrAC39ITejlZWhVIwawkKw==",
					"requires": {
						"core-util-is": "~1.0.0",
						"inherits": "~2.0.3",
						"isarray": "~1.0.0",
						"process-nextick-args": "~2.0.0",
						"safe-buffer": "~5.1.1",
						"string_decoder": "~1.1.1",
						"util-deprecate": "~1.0.1"
					}
				},
				"string_decoder": {
					"version": "1.1.1",
					"resolved": "https://registry.npmjs.org/string_decoder/-/string_decoder-1.1.1.tgz",
					"integrity": "sha512-n/ShnvDi6FHbbVfviro+WojiFzv+s8MPMHBczVePfUpDJLwoLT0ht1l4YwBCbi8pJAveEEdnkHyPyTP/mzRfwg==",
					"requires": {
						"safe-buffer": "~5.1.0"
					}
				}
			}
		},
		"fs-mkdirp-stream": {
			"version": "1.0.0",
			"resolved": "https://registry.npmjs.org/fs-mkdirp-stream/-/fs-mkdirp-stream-1.0.0.tgz",
			"integrity": "sha1-C3gV/DIBxqaeFNuYzgmMFpNSWes=",
			"requires": {
				"graceful-fs": "^4.1.11",
				"through2": "^2.0.3"
			},
			"dependencies": {
				"readable-stream": {
					"version": "2.3.6",
					"resolved": "https://registry.npmjs.org/readable-stream/-/readable-stream-2.3.6.tgz",
					"integrity": "sha512-tQtKA9WIAhBF3+VLAseyMqZeBjW0AHJoxOtYqSUZNJxauErmLbVm2FW1y+J/YA9dUrAC39ITejlZWhVIwawkKw==",
					"requires": {
						"core-util-is": "~1.0.0",
						"inherits": "~2.0.3",
						"isarray": "~1.0.0",
						"process-nextick-args": "~2.0.0",
						"safe-buffer": "~5.1.1",
						"string_decoder": "~1.1.1",
						"util-deprecate": "~1.0.1"
					}
				},
				"string_decoder": {
					"version": "1.1.1",
					"resolved": "https://registry.npmjs.org/string_decoder/-/string_decoder-1.1.1.tgz",
					"integrity": "sha512-n/ShnvDi6FHbbVfviro+WojiFzv+s8MPMHBczVePfUpDJLwoLT0ht1l4YwBCbi8pJAveEEdnkHyPyTP/mzRfwg==",
					"requires": {
						"safe-buffer": "~5.1.0"
					}
				},
				"through2": {
					"version": "2.0.5",
					"resolved": "https://registry.npmjs.org/through2/-/through2-2.0.5.tgz",
					"integrity": "sha512-/mrRod8xqpA+IHSLyGCQ2s8SPHiCDEeQJSep1jqLYeEUClOFG2Qsh+4FU6G9VeqpZnGW/Su8LQGc4YKni5rYSQ==",
					"requires": {
						"readable-stream": "~2.3.6",
						"xtend": "~4.0.1"
					}
				}
			}
		},
		"fs.realpath": {
			"version": "1.0.0",
			"resolved": "https://registry.npmjs.org/fs.realpath/-/fs.realpath-1.0.0.tgz",
			"integrity": "sha1-FQStJSMVjKpA20onh8sBQRmU6k8="
		},
		"function-bind": {
			"version": "1.1.1",
			"resolved": "https://registry.npmjs.org/function-bind/-/function-bind-1.1.1.tgz",
			"integrity": "sha512-yIovAzMX49sF8Yl58fSCWJ5svSLuaibPxXQJFLmBObTuCr0Mf1KiPopGM9NiFjiYBCbfaa2Fh6breQ6ANVTI0A=="
		},
		"glob": {
			"version": "7.1.3",
			"resolved": "https://registry.npmjs.org/glob/-/glob-7.1.3.tgz",
			"integrity": "sha512-vcfuiIxogLV4DlGBHIUOwI0IbrJ8HWPc4MU7HzviGeNho/UJDfi6B5p3sHeWIQ0KGIU0Jpxi5ZHxemQfLkkAwQ==",
			"requires": {
				"fs.realpath": "^1.0.0",
				"inflight": "^1.0.4",
				"inherits": "2",
				"minimatch": "^3.0.4",
				"once": "^1.3.0",
				"path-is-absolute": "^1.0.0"
			}
		},
		"glob-parent": {
			"version": "3.1.0",
			"resolved": "https://registry.npmjs.org/glob-parent/-/glob-parent-3.1.0.tgz",
			"integrity": "sha1-nmr2KZ2NO9K9QEMIMr0RPfkGxa4=",
			"requires": {
				"is-glob": "^3.1.0",
				"path-dirname": "^1.0.0"
			}
		},
		"glob-stream": {
			"version": "6.1.0",
			"resolved": "https://registry.npmjs.org/glob-stream/-/glob-stream-6.1.0.tgz",
			"integrity": "sha1-cEXJlBOz65SIjYOrRtC0BMx73eQ=",
			"requires": {
				"extend": "^3.0.0",
				"glob": "^7.1.1",
				"glob-parent": "^3.1.0",
				"is-negated-glob": "^1.0.0",
				"ordered-read-streams": "^1.0.0",
				"pumpify": "^1.3.5",
				"readable-stream": "^2.1.5",
				"remove-trailing-separator": "^1.0.1",
				"to-absolute-glob": "^2.0.0",
				"unique-stream": "^2.0.2"
			},
			"dependencies": {
				"readable-stream": {
					"version": "2.3.6",
					"resolved": "https://registry.npmjs.org/readable-stream/-/readable-stream-2.3.6.tgz",
					"integrity": "sha512-tQtKA9WIAhBF3+VLAseyMqZeBjW0AHJoxOtYqSUZNJxauErmLbVm2FW1y+J/YA9dUrAC39ITejlZWhVIwawkKw==",
					"requires": {
						"core-util-is": "~1.0.0",
						"inherits": "~2.0.3",
						"isarray": "~1.0.0",
						"process-nextick-args": "~2.0.0",
						"safe-buffer": "~5.1.1",
						"string_decoder": "~1.1.1",
						"util-deprecate": "~1.0.1"
					}
				},
				"string_decoder": {
					"version": "1.1.1",
					"resolved": "https://registry.npmjs.org/string_decoder/-/string_decoder-1.1.1.tgz",
					"integrity": "sha512-n/ShnvDi6FHbbVfviro+WojiFzv+s8MPMHBczVePfUpDJLwoLT0ht1l4YwBCbi8pJAveEEdnkHyPyTP/mzRfwg==",
					"requires": {
						"safe-buffer": "~5.1.0"
					}
				}
			}
		},
		"graceful-fs": {
			"version": "4.1.15",
			"resolved": "https://registry.npmjs.org/graceful-fs/-/graceful-fs-4.1.15.tgz",
			"integrity": "sha512-6uHUhOPEBgQ24HM+r6b/QwWfZq+yiFcipKFrOFiBEnWdy5sdzYoi+pJeQaPI5qOLRFqWmAXUPQNsielzdLoecA=="
		},
		"gulp-typescript": {
			"version": "5.0.0",
			"resolved": "https://registry.npmjs.org/gulp-typescript/-/gulp-typescript-5.0.0.tgz",
			"integrity": "sha512-lMj2U+Ni6HyFaY2nr1sSQ6D014eHil5L1i52XWBaAQUR9UAUUp9btnm4yRBT2Jb8xhrwqmhMssZf/g2B7cinCA==",
			"requires": {
				"ansi-colors": "^3.0.5",
				"plugin-error": "^1.0.1",
				"source-map": "^0.7.3",
				"through2": "^3.0.0",
				"vinyl": "^2.1.0",
				"vinyl-fs": "^3.0.3"
			}
		},
		"has-symbols": {
			"version": "1.0.0",
			"resolved": "https://registry.npmjs.org/has-symbols/-/has-symbols-1.0.0.tgz",
			"integrity": "sha1-uhqPGvKg/DllD1yFA2dwQSIGO0Q="
		},
		"inflight": {
			"version": "1.0.6",
			"resolved": "https://registry.npmjs.org/inflight/-/inflight-1.0.6.tgz",
			"integrity": "sha1-Sb1jMdfQLQwJvJEKEHW6gWW1bfk=",
			"requires": {
				"once": "^1.3.0",
				"wrappy": "1"
			}
		},
		"inherits": {
			"version": "2.0.3",
			"resolved": "https://registry.npmjs.org/inherits/-/inherits-2.0.3.tgz",
			"integrity": "sha1-Yzwsg+PaQqUC9SRmAiSA9CCCYd4="
		},
		"is-absolute": {
			"version": "1.0.0",
			"resolved": "https://registry.npmjs.org/is-absolute/-/is-absolute-1.0.0.tgz",
			"integrity": "sha512-dOWoqflvcydARa360Gvv18DZ/gRuHKi2NU/wU5X1ZFzdYfH29nkiNZsF3mp4OJ3H4yo9Mx8A/uAGNzpzPN3yBA==",
			"requires": {
				"is-relative": "^1.0.0",
				"is-windows": "^1.0.1"
			}
		},
		"is-buffer": {
			"version": "1.1.6",
			"resolved": "https://registry.npmjs.org/is-buffer/-/is-buffer-1.1.6.tgz",
			"integrity": "sha512-NcdALwpXkTm5Zvvbk7owOUSvVvBKDgKP5/ewfXEznmQFfs4ZRmanOeKBTjRVjka3QFoN6XJ+9F3USqfHqTaU5w=="
		},
		"is-extendable": {
			"version": "1.0.1",
			"resolved": "https://registry.npmjs.org/is-extendable/-/is-extendable-1.0.1.tgz",
			"integrity": "sha512-arnXMxT1hhoKo9k1LZdmlNyJdDDfy2v0fXjFlmok4+i8ul/6WlbVge9bhM74OpNPQPMGUToDtz+KXa1PneJxOA==",
			"requires": {
				"is-plain-object": "^2.0.4"
			}
		},
		"is-extglob": {
			"version": "2.1.1",
			"resolved": "https://registry.npmjs.org/is-extglob/-/is-extglob-2.1.1.tgz",
			"integrity": "sha1-qIwCU1eR8C7TfHahueqXc8gz+MI="
		},
		"is-glob": {
			"version": "3.1.0",
			"resolved": "https://registry.npmjs.org/is-glob/-/is-glob-3.1.0.tgz",
			"integrity": "sha1-e6WuJCF4BKxwcHuWkiVnSGzD6Eo=",
			"requires": {
				"is-extglob": "^2.1.0"
			}
		},
		"is-negated-glob": {
			"version": "1.0.0",
			"resolved": "https://registry.npmjs.org/is-negated-glob/-/is-negated-glob-1.0.0.tgz",
			"integrity": "sha1-aRC8pdqMleeEtXUbl2z1oQ/uNtI="
		},
		"is-plain-object": {
			"version": "2.0.4",
			"resolved": "https://registry.npmjs.org/is-plain-object/-/is-plain-object-2.0.4.tgz",
			"integrity": "sha512-h5PpgXkWitc38BBMYawTYMWJHFZJVnBquFE57xFpjB8pJFiF6gZ+bU+WyI/yqXiFR5mdLsgYNaPe8uao6Uv9Og==",
			"requires": {
				"isobject": "^3.0.1"
			}
		},
		"is-relative": {
			"version": "1.0.0",
			"resolved": "https://registry.npmjs.org/is-relative/-/is-relative-1.0.0.tgz",
			"integrity": "sha512-Kw/ReK0iqwKeu0MITLFuj0jbPAmEiOsIwyIXvvbfa6QfmN9pkD1M+8pdk7Rl/dTKbH34/XBFMbgD4iMJhLQbGA==",
			"requires": {
				"is-unc-path": "^1.0.0"
			}
		},
		"is-unc-path": {
			"version": "1.0.0",
			"resolved": "https://registry.npmjs.org/is-unc-path/-/is-unc-path-1.0.0.tgz",
			"integrity": "sha512-mrGpVd0fs7WWLfVsStvgF6iEJnbjDFZh9/emhRDcGWTduTfNHd9CHeUwH3gYIjdbwo4On6hunkztwOaAw0yllQ==",
			"requires": {
				"unc-path-regex": "^0.1.2"
			}
		},
		"is-utf8": {
			"version": "0.2.1",
			"resolved": "https://registry.npmjs.org/is-utf8/-/is-utf8-0.2.1.tgz",
			"integrity": "sha1-Sw2hRCEE0bM2NA6AeX6GXPOffXI="
		},
		"is-valid-glob": {
			"version": "1.0.0",
			"resolved": "https://registry.npmjs.org/is-valid-glob/-/is-valid-glob-1.0.0.tgz",
			"integrity": "sha1-Kb8+/3Ab4tTTFdusw5vDn+j2Aao="
		},
		"is-windows": {
			"version": "1.0.2",
			"resolved": "https://registry.npmjs.org/is-windows/-/is-windows-1.0.2.tgz",
			"integrity": "sha512-eXK1UInq2bPmjyX6e3VHIzMLobc4J94i4AWn+Hpq3OU5KkrRC96OAcR3PRJ/pGu6m8TRnBHP9dkXQVsT/COVIA=="
		},
		"isarray": {
			"version": "1.0.0",
			"resolved": "https://registry.npmjs.org/isarray/-/isarray-1.0.0.tgz",
			"integrity": "sha1-u5NdSFgsuhaMBoNJV6VKPgcSTxE="
		},
		"isobject": {
			"version": "3.0.1",
			"resolved": "https://registry.npmjs.org/isobject/-/isobject-3.0.1.tgz",
			"integrity": "sha1-TkMekrEalzFjaqH5yNHMvP2reN8="
		},
		"json-stable-stringify-without-jsonify": {
			"version": "1.0.1",
			"resolved": "https://registry.npmjs.org/json-stable-stringify-without-jsonify/-/json-stable-stringify-without-jsonify-1.0.1.tgz",
			"integrity": "sha1-nbe1lJatPzz+8wp1FC0tkwrXJlE="
		},
		"lazystream": {
			"version": "1.0.0",
			"resolved": "https://registry.npmjs.org/lazystream/-/lazystream-1.0.0.tgz",
			"integrity": "sha1-9plf4PggOS9hOWvolGJAe7dxaOQ=",
			"requires": {
				"readable-stream": "^2.0.5"
			},
			"dependencies": {
				"readable-stream": {
					"version": "2.3.6",
					"resolved": "https://registry.npmjs.org/readable-stream/-/readable-stream-2.3.6.tgz",
					"integrity": "sha512-tQtKA9WIAhBF3+VLAseyMqZeBjW0AHJoxOtYqSUZNJxauErmLbVm2FW1y+J/YA9dUrAC39ITejlZWhVIwawkKw==",
					"requires": {
						"core-util-is": "~1.0.0",
						"inherits": "~2.0.3",
						"isarray": "~1.0.0",
						"process-nextick-args": "~2.0.0",
						"safe-buffer": "~5.1.1",
						"string_decoder": "~1.1.1",
						"util-deprecate": "~1.0.1"
					}
				},
				"string_decoder": {
					"version": "1.1.1",
					"resolved": "https://registry.npmjs.org/string_decoder/-/string_decoder-1.1.1.tgz",
					"integrity": "sha512-n/ShnvDi6FHbbVfviro+WojiFzv+s8MPMHBczVePfUpDJLwoLT0ht1l4YwBCbi8pJAveEEdnkHyPyTP/mzRfwg==",
					"requires": {
						"safe-buffer": "~5.1.0"
					}
				}
			}
		},
		"lead": {
			"version": "1.0.0",
			"resolved": "https://registry.npmjs.org/lead/-/lead-1.0.0.tgz",
			"integrity": "sha1-bxT5mje+Op3XhPVJVpDlkDRm7kI=",
			"requires": {
				"flush-write-stream": "^1.0.2"
			}
		},
		"minimatch": {
			"version": "3.0.4",
			"resolved": "https://registry.npmjs.org/minimatch/-/minimatch-3.0.4.tgz",
			"integrity": "sha512-yJHVQEhyqPLUTgt9B83PXu6W3rx4MvvHvSUvToogpwoGDOUQ+yDrR0HRot+yOCdCO7u4hX3pWft6kWBBcqh0UA==",
			"requires": {
				"brace-expansion": "^1.1.7"
			}
		},
		"normalize-path": {
			"version": "2.1.1",
			"resolved": "https://registry.npmjs.org/normalize-path/-/normalize-path-2.1.1.tgz",
			"integrity": "sha1-GrKLVW4Zg2Oowab35vogE3/mrtk=",
			"requires": {
				"remove-trailing-separator": "^1.0.1"
			}
		},
		"now-and-later": {
			"version": "2.0.0",
			"resolved": "https://registry.npmjs.org/now-and-later/-/now-and-later-2.0.0.tgz",
			"integrity": "sha1-vGHLtFbXnLMiB85HygUTb/Ln1u4=",
			"requires": {
				"once": "^1.3.2"
			}
		},
		"object-keys": {
			"version": "1.0.12",
			"resolved": "https://registry.npmjs.org/object-keys/-/object-keys-1.0.12.tgz",
			"integrity": "sha512-FTMyFUm2wBcGHnH2eXmz7tC6IwlqQZ6mVZ+6dm6vZ4IQIHjs6FdNsQBuKGPuUUUY6NfJw2PshC08Tn6LzLDOag=="
		},
		"object.assign": {
			"version": "4.1.0",
			"resolved": "https://registry.npmjs.org/object.assign/-/object.assign-4.1.0.tgz",
			"integrity": "sha512-exHJeq6kBKj58mqGyTQ9DFvrZC/eR6OwxzoM9YRoGBqrXYonaFyGiFMuc9VZrXf7DarreEwMpurG3dd+CNyW5w==",
			"requires": {
				"define-properties": "^1.1.2",
				"function-bind": "^1.1.1",
				"has-symbols": "^1.0.0",
				"object-keys": "^1.0.11"
			}
		},
		"once": {
			"version": "1.4.0",
			"resolved": "https://registry.npmjs.org/once/-/once-1.4.0.tgz",
			"integrity": "sha1-WDsap3WWHUsROsF9nFC6753Xa9E=",
			"requires": {
				"wrappy": "1"
			}
		},
		"ordered-read-streams": {
			"version": "1.0.1",
			"resolved": "https://registry.npmjs.org/ordered-read-streams/-/ordered-read-streams-1.0.1.tgz",
			"integrity": "sha1-d8DLN8QVJdZBZtmQ/61+xqDhNj4=",
			"requires": {
				"readable-stream": "^2.0.1"
			},
			"dependencies": {
				"readable-stream": {
					"version": "2.3.6",
					"resolved": "https://registry.npmjs.org/readable-stream/-/readable-stream-2.3.6.tgz",
					"integrity": "sha512-tQtKA9WIAhBF3+VLAseyMqZeBjW0AHJoxOtYqSUZNJxauErmLbVm2FW1y+J/YA9dUrAC39ITejlZWhVIwawkKw==",
					"requires": {
						"core-util-is": "~1.0.0",
						"inherits": "~2.0.3",
						"isarray": "~1.0.0",
						"process-nextick-args": "~2.0.0",
						"safe-buffer": "~5.1.1",
						"string_decoder": "~1.1.1",
						"util-deprecate": "~1.0.1"
					}
				},
				"string_decoder": {
					"version": "1.1.1",
					"resolved": "https://registry.npmjs.org/string_decoder/-/string_decoder-1.1.1.tgz",
					"integrity": "sha512-n/ShnvDi6FHbbVfviro+WojiFzv+s8MPMHBczVePfUpDJLwoLT0ht1l4YwBCbi8pJAveEEdnkHyPyTP/mzRfwg==",
					"requires": {
						"safe-buffer": "~5.1.0"
					}
				}
			}
		},
		"path-dirname": {
			"version": "1.0.2",
			"resolved": "https://registry.npmjs.org/path-dirname/-/path-dirname-1.0.2.tgz",
			"integrity": "sha1-zDPSTVJeCZpTiMAzbG4yuRYGCeA="
		},
		"path-is-absolute": {
			"version": "1.0.1",
			"resolved": "https://registry.npmjs.org/path-is-absolute/-/path-is-absolute-1.0.1.tgz",
			"integrity": "sha1-F0uSaHNVNP+8es5r9TpanhtcX18="
		},
		"plugin-error": {
			"version": "1.0.1",
			"resolved": "https://registry.npmjs.org/plugin-error/-/plugin-error-1.0.1.tgz",
			"integrity": "sha512-L1zP0dk7vGweZME2i+EeakvUNqSrdiI3F91TwEoYiGrAfUXmVv6fJIq4g82PAXxNsWOp0J7ZqQy/3Szz0ajTxA==",
			"requires": {
				"ansi-colors": "^1.0.1",
				"arr-diff": "^4.0.0",
				"arr-union": "^3.1.0",
				"extend-shallow": "^3.0.2"
			},
			"dependencies": {
				"ansi-colors": {
					"version": "1.1.0",
					"resolved": "https://registry.npmjs.org/ansi-colors/-/ansi-colors-1.1.0.tgz",
					"integrity": "sha512-SFKX67auSNoVR38N3L+nvsPjOE0bybKTYbkf5tRvushrAPQ9V75huw0ZxBkKVeRU9kqH3d6HA4xTckbwZ4ixmA==",
					"requires": {
						"ansi-wrap": "^0.1.0"
					}
				}
			}
		},
		"process-nextick-args": {
			"version": "2.0.0",
			"resolved": "https://registry.npmjs.org/process-nextick-args/-/process-nextick-args-2.0.0.tgz",
			"integrity": "sha512-MtEC1TqN0EU5nephaJ4rAtThHtC86dNN9qCuEhtshvpVBkAW5ZO7BASN9REnF9eoXGcRub+pFuKEpOHE+HbEMw=="
		},
		"pump": {
			"version": "2.0.1",
			"resolved": "https://registry.npmjs.org/pump/-/pump-2.0.1.tgz",
			"integrity": "sha512-ruPMNRkN3MHP1cWJc9OWr+T/xDP0jhXYCLfJcBuX54hhfIBnaQmAUMfDcG4DM5UMWByBbJY69QSphm3jtDKIkA==",
			"requires": {
				"end-of-stream": "^1.1.0",
				"once": "^1.3.1"
			}
		},
		"pumpify": {
			"version": "1.5.1",
			"resolved": "https://registry.npmjs.org/pumpify/-/pumpify-1.5.1.tgz",
			"integrity": "sha512-oClZI37HvuUJJxSKKrC17bZ9Cu0ZYhEAGPsPUy9KlMUmv9dKX2o77RUmq7f3XjIxbwyGwYzbzQ1L2Ks8sIradQ==",
			"requires": {
				"duplexify": "^3.6.0",
				"inherits": "^2.0.3",
				"pump": "^2.0.0"
			}
		},
		"readable-stream": {
			"version": "3.1.1",
			"resolved": "https://registry.npmjs.org/readable-stream/-/readable-stream-3.1.1.tgz",
			"integrity": "sha512-DkN66hPyqDhnIQ6Jcsvx9bFjhw214O4poMBcIMgPVpQvNy9a0e0Uhg5SqySyDKAmUlwt8LonTBz1ezOnM8pUdA==",
			"requires": {
				"inherits": "^2.0.3",
				"string_decoder": "^1.1.1",
				"util-deprecate": "^1.0.1"
			}
		},
		"remove-bom-buffer": {
			"version": "3.0.0",
			"resolved": "https://registry.npmjs.org/remove-bom-buffer/-/remove-bom-buffer-3.0.0.tgz",
			"integrity": "sha512-8v2rWhaakv18qcvNeli2mZ/TMTL2nEyAKRvzo1WtnZBl15SHyEhrCu2/xKlJyUFKHiHgfXIyuY6g2dObJJycXQ==",
			"requires": {
				"is-buffer": "^1.1.5",
				"is-utf8": "^0.2.1"
			}
		},
		"remove-bom-stream": {
			"version": "1.2.0",
			"resolved": "https://registry.npmjs.org/remove-bom-stream/-/remove-bom-stream-1.2.0.tgz",
			"integrity": "sha1-BfGlk/FuQuH7kOv1nejlaVJflSM=",
			"requires": {
				"remove-bom-buffer": "^3.0.0",
				"safe-buffer": "^5.1.0",
				"through2": "^2.0.3"
			},
			"dependencies": {
				"readable-stream": {
					"version": "2.3.6",
					"resolved": "https://registry.npmjs.org/readable-stream/-/readable-stream-2.3.6.tgz",
					"integrity": "sha512-tQtKA9WIAhBF3+VLAseyMqZeBjW0AHJoxOtYqSUZNJxauErmLbVm2FW1y+J/YA9dUrAC39ITejlZWhVIwawkKw==",
					"requires": {
						"core-util-is": "~1.0.0",
						"inherits": "~2.0.3",
						"isarray": "~1.0.0",
						"process-nextick-args": "~2.0.0",
						"safe-buffer": "~5.1.1",
						"string_decoder": "~1.1.1",
						"util-deprecate": "~1.0.1"
					}
				},
				"string_decoder": {
					"version": "1.1.1",
					"resolved": "https://registry.npmjs.org/string_decoder/-/string_decoder-1.1.1.tgz",
					"integrity": "sha512-n/ShnvDi6FHbbVfviro+WojiFzv+s8MPMHBczVePfUpDJLwoLT0ht1l4YwBCbi8pJAveEEdnkHyPyTP/mzRfwg==",
					"requires": {
						"safe-buffer": "~5.1.0"
					}
				},
				"through2": {
					"version": "2.0.5",
					"resolved": "https://registry.npmjs.org/through2/-/through2-2.0.5.tgz",
					"integrity": "sha512-/mrRod8xqpA+IHSLyGCQ2s8SPHiCDEeQJSep1jqLYeEUClOFG2Qsh+4FU6G9VeqpZnGW/Su8LQGc4YKni5rYSQ==",
					"requires": {
						"readable-stream": "~2.3.6",
						"xtend": "~4.0.1"
					}
				}
			}
		},
		"remove-trailing-separator": {
			"version": "1.1.0",
			"resolved": "https://registry.npmjs.org/remove-trailing-separator/-/remove-trailing-separator-1.1.0.tgz",
			"integrity": "sha1-wkvOKig62tW8P1jg1IJJuSN52O8="
		},
		"replace-ext": {
			"version": "1.0.0",
			"resolved": "https://registry.npmjs.org/replace-ext/-/replace-ext-1.0.0.tgz",
			"integrity": "sha1-3mMSg3P8v3w8z6TeWkgMRaZ5WOs="
		},
		"resolve-options": {
			"version": "1.1.0",
			"resolved": "https://registry.npmjs.org/resolve-options/-/resolve-options-1.1.0.tgz",
			"integrity": "sha1-MrueOcBtZzONyTeMDW1gdFZq0TE=",
			"requires": {
				"value-or-function": "^3.0.0"
			}
		},
		"safe-buffer": {
			"version": "5.1.2",
			"resolved": "https://registry.npmjs.org/safe-buffer/-/safe-buffer-5.1.2.tgz",
			"integrity": "sha512-Gd2UZBJDkXlY7GbJxfsE8/nvKkUEU1G38c1siN6QP6a9PT9MmHB8GnpscSmMJSoF8LOIrt8ud/wPtojys4G6+g=="
		},
		"source-map": {
			"version": "0.7.3",
			"resolved": "https://registry.npmjs.org/source-map/-/source-map-0.7.3.tgz",
			"integrity": "sha512-CkCj6giN3S+n9qrYiBTX5gystlENnRW5jZeNLHpe6aue+SrHcG5VYwujhW9s4dY31mEGsxBDrHR6oI69fTXsaQ=="
		},
		"stream-shift": {
			"version": "1.0.0",
			"resolved": "https://registry.npmjs.org/stream-shift/-/stream-shift-1.0.0.tgz",
			"integrity": "sha1-1cdSgl5TZ+eG944Y5EXqIjoVWVI="
		},
		"string_decoder": {
			"version": "1.2.0",
			"resolved": "https://registry.npmjs.org/string_decoder/-/string_decoder-1.2.0.tgz",
			"integrity": "sha512-6YqyX6ZWEYguAxgZzHGL7SsCeGx3V2TtOTqZz1xSTSWnqsbWwbptafNyvf/ACquZUXV3DANr5BDIwNYe1mN42w==",
			"requires": {
				"safe-buffer": "~5.1.0"
			}
		},
		"through2": {
			"version": "3.0.0",
			"resolved": "https://registry.npmjs.org/through2/-/through2-3.0.0.tgz",
			"integrity": "sha512-8B+sevlqP4OiCjonI1Zw03Sf8PuV1eRsYQgLad5eonILOdyeRsY27A/2Ze8IlvlMvq31OH+3fz/styI7Ya62yQ==",
			"requires": {
				"readable-stream": "2 || 3",
				"xtend": "~4.0.1"
			}
		},
		"through2-filter": {
			"version": "3.0.0",
			"resolved": "https://registry.npmjs.org/through2-filter/-/through2-filter-3.0.0.tgz",
			"integrity": "sha512-jaRjI2WxN3W1V8/FMZ9HKIBXixtiqs3SQSX4/YGIiP3gL6djW48VoZq9tDqeCWs3MT8YY5wb/zli8VW8snY1CA==",
			"requires": {
				"through2": "~2.0.0",
				"xtend": "~4.0.0"
			},
			"dependencies": {
				"readable-stream": {
					"version": "2.3.6",
					"resolved": "https://registry.npmjs.org/readable-stream/-/readable-stream-2.3.6.tgz",
					"integrity": "sha512-tQtKA9WIAhBF3+VLAseyMqZeBjW0AHJoxOtYqSUZNJxauErmLbVm2FW1y+J/YA9dUrAC39ITejlZWhVIwawkKw==",
					"requires": {
						"core-util-is": "~1.0.0",
						"inherits": "~2.0.3",
						"isarray": "~1.0.0",
						"process-nextick-args": "~2.0.0",
						"safe-buffer": "~5.1.1",
						"string_decoder": "~1.1.1",
						"util-deprecate": "~1.0.1"
					}
				},
				"string_decoder": {
					"version": "1.1.1",
					"resolved": "https://registry.npmjs.org/string_decoder/-/string_decoder-1.1.1.tgz",
					"integrity": "sha512-n/ShnvDi6FHbbVfviro+WojiFzv+s8MPMHBczVePfUpDJLwoLT0ht1l4YwBCbi8pJAveEEdnkHyPyTP/mzRfwg==",
					"requires": {
						"safe-buffer": "~5.1.0"
					}
				},
				"through2": {
					"version": "2.0.5",
					"resolved": "https://registry.npmjs.org/through2/-/through2-2.0.5.tgz",
					"integrity": "sha512-/mrRod8xqpA+IHSLyGCQ2s8SPHiCDEeQJSep1jqLYeEUClOFG2Qsh+4FU6G9VeqpZnGW/Su8LQGc4YKni5rYSQ==",
					"requires": {
						"readable-stream": "~2.3.6",
						"xtend": "~4.0.1"
					}
				}
			}
		},
		"to-absolute-glob": {
			"version": "2.0.2",
			"resolved": "https://registry.npmjs.org/to-absolute-glob/-/to-absolute-glob-2.0.2.tgz",
			"integrity": "sha1-GGX0PZ50sIItufFFt4z/fQ98hJs=",
			"requires": {
				"is-absolute": "^1.0.0",
				"is-negated-glob": "^1.0.0"
			}
		},
		"to-through": {
			"version": "2.0.0",
			"resolved": "https://registry.npmjs.org/to-through/-/to-through-2.0.0.tgz",
			"integrity": "sha1-/JKtq6ByZHvAtn1rA2ZKoZUJOvY=",
			"requires": {
				"through2": "^2.0.3"
			},
			"dependencies": {
				"readable-stream": {
					"version": "2.3.6",
					"resolved": "https://registry.npmjs.org/readable-stream/-/readable-stream-2.3.6.tgz",
					"integrity": "sha512-tQtKA9WIAhBF3+VLAseyMqZeBjW0AHJoxOtYqSUZNJxauErmLbVm2FW1y+J/YA9dUrAC39ITejlZWhVIwawkKw==",
					"requires": {
						"core-util-is": "~1.0.0",
						"inherits": "~2.0.3",
						"isarray": "~1.0.0",
						"process-nextick-args": "~2.0.0",
						"safe-buffer": "~5.1.1",
						"string_decoder": "~1.1.1",
						"util-deprecate": "~1.0.1"
					}
				},
				"string_decoder": {
					"version": "1.1.1",
					"resolved": "https://registry.npmjs.org/string_decoder/-/string_decoder-1.1.1.tgz",
					"integrity": "sha512-n/ShnvDi6FHbbVfviro+WojiFzv+s8MPMHBczVePfUpDJLwoLT0ht1l4YwBCbi8pJAveEEdnkHyPyTP/mzRfwg==",
					"requires": {
						"safe-buffer": "~5.1.0"
					}
				},
				"through2": {
					"version": "2.0.5",
					"resolved": "https://registry.npmjs.org/through2/-/through2-2.0.5.tgz",
					"integrity": "sha512-/mrRod8xqpA+IHSLyGCQ2s8SPHiCDEeQJSep1jqLYeEUClOFG2Qsh+4FU6G9VeqpZnGW/Su8LQGc4YKni5rYSQ==",
					"requires": {
						"readable-stream": "~2.3.6",
						"xtend": "~4.0.1"
					}
				}
			}
		},
		"typescript": {
			"version": "3.2.2",
			"resolved": "https://registry.npmjs.org/typescript/-/typescript-3.2.2.tgz",
			"integrity": "sha512-VCj5UiSyHBjwfYacmDuc/NOk4QQixbE+Wn7MFJuS0nRuPQbof132Pw4u53dm264O8LPc2MVsc7RJNml5szurkg=="
		},
		"unc-path-regex": {
			"version": "0.1.2",
			"resolved": "https://registry.npmjs.org/unc-path-regex/-/unc-path-regex-0.1.2.tgz",
			"integrity": "sha1-5z3T17DXxe2G+6xrCufYxqadUPo="
		},
		"unique-stream": {
			"version": "2.3.1",
			"resolved": "https://registry.npmjs.org/unique-stream/-/unique-stream-2.3.1.tgz",
			"integrity": "sha512-2nY4TnBE70yoxHkDli7DMazpWiP7xMdCYqU2nBRO0UB+ZpEkGsSija7MvmvnZFUeC+mrgiUfcHSr3LmRFIg4+A==",
			"requires": {
				"json-stable-stringify-without-jsonify": "^1.0.1",
				"through2-filter": "^3.0.0"
			}
		},
		"util-deprecate": {
			"version": "1.0.2",
			"resolved": "https://registry.npmjs.org/util-deprecate/-/util-deprecate-1.0.2.tgz",
			"integrity": "sha1-RQ1Nyfpw3nMnYvvS1KKJgUGaDM8="
		},
		"value-or-function": {
			"version": "3.0.0",
			"resolved": "https://registry.npmjs.org/value-or-function/-/value-or-function-3.0.0.tgz",
			"integrity": "sha1-HCQ6ULWVwb5Up1S/7OhWO5/42BM="
		},
		"vinyl": {
			"version": "2.2.0",
			"resolved": "https://registry.npmjs.org/vinyl/-/vinyl-2.2.0.tgz",
			"integrity": "sha512-MBH+yP0kC/GQ5GwBqrTPTzEfiiLjta7hTtvQtbxBgTeSXsmKQRQecjibMbxIXzVT3Y9KJK+drOz1/k+vsu8Nkg==",
			"requires": {
				"clone": "^2.1.1",
				"clone-buffer": "^1.0.0",
				"clone-stats": "^1.0.0",
				"cloneable-readable": "^1.0.0",
				"remove-trailing-separator": "^1.0.1",
				"replace-ext": "^1.0.0"
			}
		},
		"vinyl-fs": {
			"version": "3.0.3",
			"resolved": "https://registry.npmjs.org/vinyl-fs/-/vinyl-fs-3.0.3.tgz",
			"integrity": "sha512-vIu34EkyNyJxmP0jscNzWBSygh7VWhqun6RmqVfXePrOwi9lhvRs//dOaGOTRUQr4tx7/zd26Tk5WeSVZitgng==",
			"requires": {
				"fs-mkdirp-stream": "^1.0.0",
				"glob-stream": "^6.1.0",
				"graceful-fs": "^4.0.0",
				"is-valid-glob": "^1.0.0",
				"lazystream": "^1.0.0",
				"lead": "^1.0.0",
				"object.assign": "^4.0.4",
				"pumpify": "^1.3.5",
				"readable-stream": "^2.3.3",
				"remove-bom-buffer": "^3.0.0",
				"remove-bom-stream": "^1.2.0",
				"resolve-options": "^1.1.0",
				"through2": "^2.0.0",
				"to-through": "^2.0.0",
				"value-or-function": "^3.0.0",
				"vinyl": "^2.0.0",
				"vinyl-sourcemap": "^1.1.0"
			},
			"dependencies": {
				"readable-stream": {
					"version": "2.3.6",
					"resolved": "https://registry.npmjs.org/readable-stream/-/readable-stream-2.3.6.tgz",
					"integrity": "sha512-tQtKA9WIAhBF3+VLAseyMqZeBjW0AHJoxOtYqSUZNJxauErmLbVm2FW1y+J/YA9dUrAC39ITejlZWhVIwawkKw==",
					"requires": {
						"core-util-is": "~1.0.0",
						"inherits": "~2.0.3",
						"isarray": "~1.0.0",
						"process-nextick-args": "~2.0.0",
						"safe-buffer": "~5.1.1",
						"string_decoder": "~1.1.1",
						"util-deprecate": "~1.0.1"
					}
				},
				"string_decoder": {
					"version": "1.1.1",
					"resolved": "https://registry.npmjs.org/string_decoder/-/string_decoder-1.1.1.tgz",
					"integrity": "sha512-n/ShnvDi6FHbbVfviro+WojiFzv+s8MPMHBczVePfUpDJLwoLT0ht1l4YwBCbi8pJAveEEdnkHyPyTP/mzRfwg==",
					"requires": {
						"safe-buffer": "~5.1.0"
					}
				},
				"through2": {
					"version": "2.0.5",
					"resolved": "https://registry.npmjs.org/through2/-/through2-2.0.5.tgz",
					"integrity": "sha512-/mrRod8xqpA+IHSLyGCQ2s8SPHiCDEeQJSep1jqLYeEUClOFG2Qsh+4FU6G9VeqpZnGW/Su8LQGc4YKni5rYSQ==",
					"requires": {
						"readable-stream": "~2.3.6",
						"xtend": "~4.0.1"
					}
				}
			}
		},
		"vinyl-sourcemap": {
			"version": "1.1.0",
			"resolved": "https://registry.npmjs.org/vinyl-sourcemap/-/vinyl-sourcemap-1.1.0.tgz",
			"integrity": "sha1-kqgAWTo4cDqM2xHYswCtS+Y7PhY=",
			"requires": {
				"append-buffer": "^1.0.2",
				"convert-source-map": "^1.5.0",
				"graceful-fs": "^4.1.6",
				"normalize-path": "^2.1.1",
				"now-and-later": "^2.0.0",
				"remove-bom-buffer": "^3.0.0",
				"vinyl": "^2.0.0"
			}
		},
		"wrappy": {
			"version": "1.0.2",
			"resolved": "https://registry.npmjs.org/wrappy/-/wrappy-1.0.2.tgz",
			"integrity": "sha1-tSQ9jz7BqjXxNkYFvA0QNuMKtp8="
		},
		"xtend": {
			"version": "4.0.1",
			"resolved": "https://registry.npmjs.org/xtend/-/xtend-4.0.1.tgz",
			"integrity": "sha1-pcbVMr5lbiPbgg77lDofBJmNY68="
		}
	}
}
